
Microsoft Visual Studio Solution File, Format Version 12.00
# Visual Studio Version 16
VisualStudioVersion = 16.0.29728.190
MinimumVisualStudioVersion = 10.0.40219.1
Project("{FAE04EC0-301F-11D3-BF4B-00C04F79EFBC}") = "ChatSignalR", "ChatSignalR\ChatSignalR.csproj", "{119C6991-20F2-42A9-B7B3-AE1659650C1B}"
EndProject
Global
	GlobalSection(SolutionConfigurationPlatforms) = preSolution
		Debug|Any CPU = Debug|Any CPU
		Release|Any CPU = Release|Any CPU
	EndGlobalSection
	GlobalSection(ProjectConfigurationPlatforms) = postSolution
		{119C6991-20F2-42A9-B7B3-AE1659650C1B}.Debug|Any CPU.ActiveCfg = Debug|Any CPU
		{119C6991-20F2-42A9-B7B3-AE1659650C1B}.Debug|Any CPU.Build.0 = Debug|Any CPU
		{119C6991-20F2-42A9-B7B3-AE1659650C1B}.Release|Any CPU.ActiveCfg = Release|Any CPU
		{119C6991-20F2-42A9-B7B3-AE1659650C1B}.Release|Any CPU.Build.0 = Release|Any CPU
	EndGlobalSection
	GlobalSection(SolutionProperties) = preSolution
		HideSolutionNode = FALSE
	EndGlobalSection
	GlobalSection(ExtensibilityGlobals) = postSolution
		SolutionGuid = {986F3AEF-02F6-4286-9FD0-C896C9576183}
	EndGlobalSection
EndGlobal
